
Microsoft Visual Studio Solution File, Format Version 12.00
# Visual Studio Version 17
VisualStudioVersion = 17.3.32929.385
MinimumVisualStudioVersion = 10.0.40219.1
Project("{9A19103F-16F7-4668-BE54-9A1E7A4F7556}") = "Vigilate.Windows.Wpf", "src\Vigilate.Windows\Vigilate.Windows.Wpf\Vigilate.Windows.Wpf.csproj", "{CAA9EF6E-6E6D-4CD5-B15F-A95C8ABC1E8D}"
EndProject
Project("{B7DD6F7E-DEF8-4E67-B5B7-07EF123DB6F0}") = "Vigilate.Windows.Installer", "src\Vigilate.Installer\Vigilate.Windows.Installer.wixproj", "{5384EC0A-036B-49DB-8053-F84FAFA73198}"
EndProject
Project("{9A19103F-16F7-4668-BE54-9A1E7A4F7556}") = "Vigilate.Core", "src\Vigilate.Core\Vigilate.Core.csproj", "{0799C04C-9329-4F3D-82DB-225561BB67C6}"
EndProject
Project("{FAE04EC0-301F-11D3-BF4B-00C04F79EFBC}") = "Vigilate.Tests", "src\Vigilate.Tests\Vigilate.Tests.csproj", "{B2E3F150-DE2C-471B-82B7-11C503F0780C}"
EndProject
Project("{FAE04EC0-301F-11D3-BF4B-00C04F79EFBC}") = "Vigilate.Windows", "src\Vigilate.Windows\Vigilate.Windows.csproj", "{6AA3445A-895B-4092-8F3C-4415CDB220FE}"
EndProject
Project("{2150E333-8FDC-42A3-9474-1A3956D46DE8}") = "Solution Items", "Solution Items", "{ECD91FE1-202C-4B29-8E41-1D943585EBD5}"
	ProjectSection(SolutionItems) = preProject
		.gitignore = .gitignore
		Directory.Build.props = Directory.Build.props
		README.md = README.md
	EndProjectSection
EndProject
Global
	GlobalSection(SolutionConfigurationPlatforms) = preSolution
		Debug|Any CPU = Debug|Any CPU
		Debug|x64 = Debug|x64
		Release|Any CPU = Release|Any CPU
		Release|x64 = Release|x64
	EndGlobalSection
	GlobalSection(ProjectConfigurationPlatforms) = postSolution
		{CAA9EF6E-6E6D-4CD5-B15F-A95C8ABC1E8D}.Debug|Any CPU.ActiveCfg = Debug|x64
		{CAA9EF6E-6E6D-4CD5-B15F-A95C8ABC1E8D}.Debug|Any CPU.Build.0 = Debug|x64
		{CAA9EF6E-6E6D-4CD5-B15F-A95C8ABC1E8D}.Debug|x64.ActiveCfg = Debug|x64
		{CAA9EF6E-6E6D-4CD5-B15F-A95C8ABC1E8D}.Debug|x64.Build.0 = Debug|x64
		{CAA9EF6E-6E6D-4CD5-B15F-A95C8ABC1E8D}.Release|Any CPU.ActiveCfg = Release|x64
		{CAA9EF6E-6E6D-4CD5-B15F-A95C8ABC1E8D}.Release|Any CPU.Build.0 = Release|x64
		{CAA9EF6E-6E6D-4CD5-B15F-A95C8ABC1E8D}.Release|x64.ActiveCfg = Release|x64
		{CAA9EF6E-6E6D-4CD5-B15F-A95C8ABC1E8D}.Release|x64.Build.0 = Release|x64
		{5384EC0A-036B-49DB-8053-F84FAFA73198}.Debug|Any CPU.ActiveCfg = Debug|x64
		{5384EC0A-036B-49DB-8053-F84FAFA73198}.Debug|Any CPU.Build.0 = Debug|x64
		{5384EC0A-036B-49DB-8053-F84FAFA73198}.Debug|x64.ActiveCfg = Debug|x64
		{5384EC0A-036B-49DB-8053-F84FAFA73198}.Debug|x64.Build.0 = Debug|x64
		{5384EC0A-036B-49DB-8053-F84FAFA73198}.Release|Any CPU.ActiveCfg = Release|x64
		{5384EC0A-036B-49DB-8053-F84FAFA73198}.Release|Any CPU.Build.0 = Release|x64
		{5384EC0A-036B-49DB-8053-F84FAFA73198}.Release|x64.ActiveCfg = Release|x64
		{5384EC0A-036B-49DB-8053-F84FAFA73198}.Release|x64.Build.0 = Release|x64
		{0799C04C-9329-4F3D-82DB-225561BB67C6}.Debug|Any CPU.ActiveCfg = Debug|Any CPU
		{0799C04C-9329-4F3D-82DB-225561BB67C6}.Debug|Any CPU.Build.0 = Debug|Any CPU
		{0799C04C-9329-4F3D-82DB-225561BB67C6}.Debug|x64.ActiveCfg = Debug|Any CPU
		{0799C04C-9329-4F3D-82DB-225561BB67C6}.Debug|x64.Build.0 = Debug|Any CPU
		{0799C04C-9329-4F3D-82DB-225561BB67C6}.Release|Any CPU.ActiveCfg = Release|Any CPU
		{0799C04C-9329-4F3D-82DB-225561BB67C6}.Release|Any CPU.Build.0 = Release|Any CPU
		{0799C04C-9329-4F3D-82DB-225561BB67C6}.Release|x64.ActiveCfg = Release|Any CPU
		{0799C04C-9329-4F3D-82DB-225561BB67C6}.Release|x64.Build.0 = Release|Any CPU
		{B2E3F150-DE2C-471B-82B7-11C503F0780C}.Debug|Any CPU.ActiveCfg = Debug|Any CPU
		{B2E3F150-DE2C-471B-82B7-11C503F0780C}.Debug|Any CPU.Build.0 = Debug|Any CPU
		{B2E3F150-DE2C-471B-82B7-11C503F0780C}.Debug|x64.ActiveCfg = Debug|Any CPU
		{B2E3F150-DE2C-471B-82B7-11C503F0780C}.Debug|x64.Build.0 = Debug|Any CPU
		{B2E3F150-DE2C-471B-82B7-11C503F0780C}.Release|Any CPU.ActiveCfg = Release|Any CPU
		{B2E3F150-DE2C-471B-82B7-11C503F0780C}.Release|Any CPU.Build.0 = Release|Any CPU
		{B2E3F150-DE2C-471B-82B7-11C503F0780C}.Release|x64.ActiveCfg = Release|Any CPU
		{B2E3F150-DE2C-471B-82B7-11C503F0780C}.Release|x64.Build.0 = Release|Any CPU
		{6AA3445A-895B-4092-8F3C-4415CDB220FE}.Debug|Any CPU.ActiveCfg = Debug|Any CPU
		{6AA3445A-895B-4092-8F3C-4415CDB220FE}.Debug|Any CPU.Build.0 = Debug|Any CPU
		{6AA3445A-895B-4092-8F3C-4415CDB220FE}.Debug|x64.ActiveCfg = Debug|Any CPU
		{6AA3445A-895B-4092-8F3C-4415CDB220FE}.Debug|x64.Build.0 = Debug|Any CPU
		{6AA3445A-895B-4092-8F3C-4415CDB220FE}.Release|Any CPU.ActiveCfg = Release|Any CPU
		{6AA3445A-895B-4092-8F3C-4415CDB220FE}.Release|Any CPU.Build.0 = Release|Any CPU
		{6AA3445A-895B-4092-8F3C-4415CDB220FE}.Release|x64.ActiveCfg = Release|Any CPU
		{6AA3445A-895B-4092-8F3C-4415CDB220FE}.Release|x64.Build.0 = Release|Any CPU
	EndGlobalSection
	GlobalSection(SolutionProperties) = preSolution
		HideSolutionNode = FALSE
	EndGlobalSection
	GlobalSection(ExtensibilityGlobals) = postSolution
		SolutionGuid = {83B0B430-79DF-47A3-8CC9-6A9C56BA4DA4}
	EndGlobalSection
EndGlobal
